
Microsoft Visual Studio Solution File, Format Version 12.00
# Visual Studio Version 17
VisualStudioVersion = 17.11.35327.3
MinimumVisualStudioVersion = 10.0.40219.1
Project("{FAE04EC0-301F-11D3-BF4B-00C04F79EFBC}") = "MvvmGuia.Android", "MvvmGuia.Android\MvvmGuia.Android.csproj", "{8E77BF36-7904-4651-AD2D-9B54AD646B2A}"
EndProject
Project("{FAE04EC0-301F-11D3-BF4B-00C04F79EFBC}") = "MvvmGuia.iOS", "MvvmGuia.iOS\MvvmGuia.iOS.csproj", "{C1273D6F-39B6-4AD7-9180-D4FA7980E31A}"
EndProject
Project("{FAE04EC0-301F-11D3-BF4B-00C04F79EFBC}") = "MvvmGuia", "MvvmGuia\MvvmGuia.csproj", "{6DA02357-6102-4278-8CEE-273E0A0AAD8D}"
EndProject
Global
	GlobalSection(SolutionConfigurationPlatforms) = preSolution
		Debug|Any CPU = Debug|Any CPU
		Debug|iPhone = Debug|iPhone
		Debug|iPhoneSimulator = Debug|iPhoneSimulator
		Release|Any CPU = Release|Any CPU
		Release|iPhone = Release|iPhone
		Release|iPhoneSimulator = Release|iPhoneSimulator
	EndGlobalSection
	GlobalSection(ProjectConfigurationPlatforms) = postSolution
		{8E77BF36-7904-4651-AD2D-9B54AD646B2A}.Debug|Any CPU.ActiveCfg = Debug|Any CPU
		{8E77BF36-7904-4651-AD2D-9B54AD646B2A}.Debug|Any CPU.Build.0 = Debug|Any CPU
		{8E77BF36-7904-4651-AD2D-9B54AD646B2A}.Debug|Any CPU.Deploy.0 = Debug|Any CPU
		{8E77BF36-7904-4651-AD2D-9B54AD646B2A}.Debug|iPhone.ActiveCfg = Debug|Any CPU
		{8E77BF36-7904-4651-AD2D-9B54AD646B2A}.Debug|iPhone.Build.0 = Debug|Any CPU
		{8E77BF36-7904-4651-AD2D-9B54AD646B2A}.Debug|iPhone.Deploy.0 = Debug|Any CPU
		{8E77BF36-7904-4651-AD2D-9B54AD646B2A}.Debug|iPhoneSimulator.ActiveCfg = Debug|Any CPU
		{8E77BF36-7904-4651-AD2D-9B54AD646B2A}.Debug|iPhoneSimulator.Build.0 = Debug|Any CPU
		{8E77BF36-7904-4651-AD2D-9B54AD646B2A}.Debug|iPhoneSimulator.Deploy.0 = Debug|Any CPU
		{8E77BF36-7904-4651-AD2D-9B54AD646B2A}.Release|Any CPU.ActiveCfg = Release|Any CPU
		{8E77BF36-7904-4651-AD2D-9B54AD646B2A}.Release|Any CPU.Build.0 = Release|Any CPU
		{8E77BF36-7904-4651-AD2D-9B54AD646B2A}.Release|Any CPU.Deploy.0 = Release|Any CPU
		{8E77BF36-7904-4651-AD2D-9B54AD646B2A}.Release|iPhone.ActiveCfg = Release|Any CPU
		{8E77BF36-7904-4651-AD2D-9B54AD646B2A}.Release|iPhone.Build.0 = Release|Any CPU
		{8E77BF36-7904-4651-AD2D-9B54AD646B2A}.Release|iPhone.Deploy.0 = Release|Any CPU
		{8E77BF36-7904-4651-AD2D-9B54AD646B2A}.Release|iPhoneSimulator.ActiveCfg = Release|Any CPU
		{8E77BF36-7904-4651-AD2D-9B54AD646B2A}.Release|iPhoneSimulator.Build.0 = Release|Any CPU
		{8E77BF36-7904-4651-AD2D-9B54AD646B2A}.Release|iPhoneSimulator.Deploy.0 = Release|Any CPU
		{C1273D6F-39B6-4AD7-9180-D4FA7980E31A}.Debug|Any CPU.ActiveCfg = Debug|iPhone
		{C1273D6F-39B6-4AD7-9180-D4FA7980E31A}.Debug|Any CPU.Build.0 = Debug|iPhone
		{C1273D6F-39B6-4AD7-9180-D4FA7980E31A}.Debug|Any CPU.Deploy.0 = Debug|iPhone
		{C1273D6F-39B6-4AD7-9180-D4FA7980E31A}.Debug|iPhone.ActiveCfg = Debug|iPhone
		{C1273D6F-39B6-4AD7-9180-D4FA7980E31A}.Debug|iPhone.Build.0 = Debug|iPhone
		{C1273D6F-39B6-4AD7-9180-D4FA7980E31A}.Debug|iPhone.Deploy.0 = Debug|iPhone
		{C1273D6F-39B6-4AD7-9180-D4FA7980E31A}.Debug|iPhoneSimulator.ActiveCfg = Debug|iPhoneSimulator
		{C1273D6F-39B6-4AD7-9180-D4FA7980E31A}.Debug|iPhoneSimulator.Build.0 = Debug|iPhoneSimulator
		{C1273D6F-39B6-4AD7-9180-D4FA7980E31A}.Debug|iPhoneSimulator.Deploy.0 = Debug|iPhoneSimulator
		{C1273D6F-39B6-4AD7-9180-D4FA7980E31A}.Release|Any CPU.ActiveCfg = Release|iPhoneSimulator
		{C1273D6F-39B6-4AD7-9180-D4FA7980E31A}.Release|Any CPU.Build.0 = Release|iPhoneSimulator
		{C1273D6F-39B6-4AD7-9180-D4FA7980E31A}.Release|Any CPU.Deploy.0 = Release|iPhoneSimulator
		{C1273D6F-39B6-4AD7-9180-D4FA7980E31A}.Release|iPhone.ActiveCfg = Release|iPhone
		{C1273D6F-39B6-4AD7-9180-D4FA7980E31A}.Release|iPhone.Build.0 = Release|iPhone
		{C1273D6F-39B6-4AD7-9180-D4FA7980E31A}.Release|iPhone.Deploy.0 = Release|iPhone
		{C1273D6F-39B6-4AD7-9180-D4FA7980E31A}.Release|iPhoneSimulator.ActiveCfg = Release|iPhoneSimulator
		{C1273D6F-39B6-4AD7-9180-D4FA7980E31A}.Release|iPhoneSimulator.Build.0 = Release|iPhoneSimulator
		{C1273D6F-39B6-4AD7-9180-D4FA7980E31A}.Release|iPhoneSimulator.Deploy.0 = Release|iPhoneSimulator
		{6DA02357-6102-4278-8CEE-273E0A0AAD8D}.Debug|Any CPU.ActiveCfg = Debug|Any CPU
		{6DA02357-6102-4278-8CEE-273E0A0AAD8D}.Debug|Any CPU.Build.0 = Debug|Any CPU
		{6DA02357-6102-4278-8CEE-273E0A0AAD8D}.Debug|Any CPU.Deploy.0 = Debug|Any CPU
		{6DA02357-6102-4278-8CEE-273E0A0AAD8D}.Debug|iPhone.ActiveCfg = Debug|Any CPU
		{6DA02357-6102-4278-8CEE-273E0A0AAD8D}.Debug|iPhone.Build.0 = Debug|Any CPU
		{6DA02357-6102-4278-8CEE-273E0A0AAD8D}.Debug|iPhone.Deploy.0 = Debug|Any CPU
		{6DA02357-6102-4278-8CEE-273E0A0AAD8D}.Debug|iPhoneSimulator.ActiveCfg = Debug|Any CPU
		{6DA02357-6102-4278-8CEE-273E0A0AAD8D}.Debug|iPhoneSimulator.Build.0 = Debug|Any CPU
		{6DA02357-6102-4278-8CEE-273E0A0AAD8D}.Debug|iPhoneSimulator.Deploy.0 = Debug|Any CPU
		{6DA02357-6102-4278-8CEE-273E0A0AAD8D}.Release|Any CPU.ActiveCfg = Release|Any CPU
		{6DA02357-6102-4278-8CEE-273E0A0AAD8D}.Release|Any CPU.Build.0 = Release|Any CPU
		{6DA02357-6102-4278-8CEE-273E0A0AAD8D}.Release|Any CPU.Deploy.0 = Release|Any CPU
		{6DA02357-6102-4278-8CEE-273E0A0AAD8D}.Release|iPhone.ActiveCfg = Release|Any CPU
		{6DA02357-6102-4278-8CEE-273E0A0AAD8D}.Release|iPhone.Build.0 = Release|Any CPU
		{6DA02357-6102-4278-8CEE-273E0A0AAD8D}.Release|iPhone.Deploy.0 = Release|Any CPU
		{6DA02357-6102-4278-8CEE-273E0A0AAD8D}.Release|iPhoneSimulator.ActiveCfg = Release|Any CPU
		{6DA02357-6102-4278-8CEE-273E0A0AAD8D}.Release|iPhoneSimulator.Build.0 = Release|Any CPU
		{6DA02357-6102-4278-8CEE-273E0A0AAD8D}.Release|iPhoneSimulator.Deploy.0 = Release|Any CPU
	EndGlobalSection
	GlobalSection(SolutionProperties) = preSolution
		HideSolutionNode = FALSE
	EndGlobalSection
	GlobalSection(ExtensibilityGlobals) = postSolution
		SolutionGuid = {C1B110B0-2BAE-4C34-A059-F1D81B40EDDC}
	EndGlobalSection
EndGlobal
